
Microsoft Visual Studio Solution File, Format Version 12.00
# Visual Studio Version 17
VisualStudioVersion = 17.2.32616.157
MinimumVisualStudioVersion = 10.0.40219.1
Project("{FAE04EC0-301F-11D3-BF4B-00C04F79EFBC}") = "MMindmap", "MMindmap\MMindmap.csproj", "{73203966-71AC-42E1-9A89-1A17DC853608}"
EndProject
Project("{FAE04EC0-301F-11D3-BF4B-00C04F79EFBC}") = "MindmapDomainLib", "MindmapDomainLib\MindmapDomainLib.csproj", "{00B03B80-86C6-4894-B0A2-94813E49724D}"
EndProject
Project("{FAE04EC0-301F-11D3-BF4B-00C04F79EFBC}") = "MindmapDomainLibTest", "MindmapDomainLibTest\MindmapDomainLibTest.csproj", "{928709DE-1D3E-4684-9BE7-64726128DCB7}"
EndProject
Global
	GlobalSection(SolutionConfigurationPlatforms) = preSolution
		Debug|Any CPU = Debug|Any CPU
		Release|Any CPU = Release|Any CPU
	EndGlobalSection
	GlobalSection(ProjectConfigurationPlatforms) = postSolution
		{73203966-71AC-42E1-9A89-1A17DC853608}.Debug|Any CPU.ActiveCfg = Debug|Any CPU
		{73203966-71AC-42E1-9A89-1A17DC853608}.Debug|Any CPU.Build.0 = Debug|Any CPU
		{73203966-71AC-42E1-9A89-1A17DC853608}.Release|Any CPU.ActiveCfg = Release|Any CPU
		{73203966-71AC-42E1-9A89-1A17DC853608}.Release|Any CPU.Build.0 = Release|Any CPU
		{00B03B80-86C6-4894-B0A2-94813E49724D}.Debug|Any CPU.ActiveCfg = Debug|Any CPU
		{00B03B80-86C6-4894-B0A2-94813E49724D}.Debug|Any CPU.Build.0 = Debug|Any CPU
		{00B03B80-86C6-4894-B0A2-94813E49724D}.Release|Any CPU.ActiveCfg = Release|Any CPU
		{00B03B80-86C6-4894-B0A2-94813E49724D}.Release|Any CPU.Build.0 = Release|Any CPU
		{928709DE-1D3E-4684-9BE7-64726128DCB7}.Debug|Any CPU.ActiveCfg = Debug|Any CPU
		{928709DE-1D3E-4684-9BE7-64726128DCB7}.Debug|Any CPU.Build.0 = Debug|Any CPU
		{928709DE-1D3E-4684-9BE7-64726128DCB7}.Release|Any CPU.ActiveCfg = Release|Any CPU
		{928709DE-1D3E-4684-9BE7-64726128DCB7}.Release|Any CPU.Build.0 = Release|Any CPU
	EndGlobalSection
	GlobalSection(SolutionProperties) = preSolution
		HideSolutionNode = FALSE
	EndGlobalSection
	GlobalSection(ExtensibilityGlobals) = postSolution
		SolutionGuid = {87571B77-32F8-4CFA-A291-D724D7739FF4}
	EndGlobalSection
EndGlobal
